
Microsoft Visual Studio Solution File, Format Version 12.00
# Visual Studio 15
VisualStudioVersion = 15.0.28307.168
MinimumVisualStudioVersion = 10.0.40219.1
Project("{FAE04EC0-301F-11D3-BF4B-00C04F79EFBC}") = "MyClient", "MyClient\MyClient.csproj", "{C020D550-3897-4923-9573-1EF681DC078E}"
EndProject
Global
	GlobalSection(SolutionConfigurationPlatforms) = preSolution
		Debug|Any CPU = Debug|Any CPU
		Release|Any CPU = Release|Any CPU
	EndGlobalSection
	GlobalSection(ProjectConfigurationPlatforms) = postSolution
		{C020D550-3897-4923-9573-1EF681DC078E}.Debug|Any CPU.ActiveCfg = Debug|Any CPU
		{C020D550-3897-4923-9573-1EF681DC078E}.Debug|Any CPU.Build.0 = Debug|Any CPU
		{C020D550-3897-4923-9573-1EF681DC078E}.Release|Any CPU.ActiveCfg = Release|Any CPU
		{C020D550-3897-4923-9573-1EF681DC078E}.Release|Any CPU.Build.0 = Release|Any CPU
	EndGlobalSection
	GlobalSection(SolutionProperties) = preSolution
		HideSolutionNode = FALSE
	EndGlobalSection
	GlobalSection(ExtensibilityGlobals) = postSolution
		SolutionGuid = {8C28AAE4-0E92-4397-96FD-923F2D932C86}
	EndGlobalSection
EndGlobal
