
Microsoft Visual Studio Solution File, Format Version 12.00
# Visual Studio 15
VisualStudioVersion = 15.0.28307.271
MinimumVisualStudioVersion = 10.0.40219.1
Project("{FAE04EC0-301F-11D3-BF4B-00C04F79EFBC}") = "ScrapeLibrary", "ScrapeLibrary\ScrapeLibrary.csproj", "{EBCF6FD0-FD5F-4499-B1C6-EAC3040E5B1A}"
EndProject
Project("{FAE04EC0-301F-11D3-BF4B-00C04F79EFBC}") = "ScrapeClient", "ScrapeClient\ScrapeClient.csproj", "{4059F85B-8D0C-41F3-9FCA-2EB135F4711C}"
EndProject
Global
	GlobalSection(SolutionConfigurationPlatforms) = preSolution
		Debug|Any CPU = Debug|Any CPU
		Release|Any CPU = Release|Any CPU
	EndGlobalSection
	GlobalSection(ProjectConfigurationPlatforms) = postSolution
		{EBCF6FD0-FD5F-4499-B1C6-EAC3040E5B1A}.Debug|Any CPU.ActiveCfg = Debug|Any CPU
		{EBCF6FD0-FD5F-4499-B1C6-EAC3040E5B1A}.Debug|Any CPU.Build.0 = Debug|Any CPU
		{EBCF6FD0-FD5F-4499-B1C6-EAC3040E5B1A}.Release|Any CPU.ActiveCfg = Release|Any CPU
		{EBCF6FD0-FD5F-4499-B1C6-EAC3040E5B1A}.Release|Any CPU.Build.0 = Release|Any CPU
		{4059F85B-8D0C-41F3-9FCA-2EB135F4711C}.Debug|Any CPU.ActiveCfg = Debug|Any CPU
		{4059F85B-8D0C-41F3-9FCA-2EB135F4711C}.Debug|Any CPU.Build.0 = Debug|Any CPU
		{4059F85B-8D0C-41F3-9FCA-2EB135F4711C}.Release|Any CPU.ActiveCfg = Release|Any CPU
		{4059F85B-8D0C-41F3-9FCA-2EB135F4711C}.Release|Any CPU.Build.0 = Release|Any CPU
	EndGlobalSection
	GlobalSection(SolutionProperties) = preSolution
		HideSolutionNode = FALSE
	EndGlobalSection
	GlobalSection(ExtensibilityGlobals) = postSolution
		SolutionGuid = {596D99E0-A8CA-4E91-B9DD-F697D300465C}
	EndGlobalSection
EndGlobal
