
Microsoft Visual Studio Solution File, Format Version 12.00
# Visual Studio 15
VisualStudioVersion = 15.0.28010.2048
MinimumVisualStudioVersion = 10.0.40219.1
Project("{FAE04EC0-301F-11D3-BF4B-00C04F79EFBC}") = "Decisions", "Decisions\Decisions.csproj", "{A666EAE4-D2CD-465F-BEE8-A97DAD13C1A8}"
EndProject
Global
	GlobalSection(SolutionConfigurationPlatforms) = preSolution
		Debug|Any CPU = Debug|Any CPU
		Release|Any CPU = Release|Any CPU
	EndGlobalSection
	GlobalSection(ProjectConfigurationPlatforms) = postSolution
		{A666EAE4-D2CD-465F-BEE8-A97DAD13C1A8}.Debug|Any CPU.ActiveCfg = Debug|Any CPU
		{A666EAE4-D2CD-465F-BEE8-A97DAD13C1A8}.Debug|Any CPU.Build.0 = Debug|Any CPU
		{A666EAE4-D2CD-465F-BEE8-A97DAD13C1A8}.Release|Any CPU.ActiveCfg = Release|Any CPU
		{A666EAE4-D2CD-465F-BEE8-A97DAD13C1A8}.Release|Any CPU.Build.0 = Release|Any CPU
	EndGlobalSection
	GlobalSection(SolutionProperties) = preSolution
		HideSolutionNode = FALSE
	EndGlobalSection
	GlobalSection(ExtensibilityGlobals) = postSolution
		SolutionGuid = {6BB66DB4-FE0C-43C9-A1A6-5306E087FABE}
	EndGlobalSection
EndGlobal
