
Microsoft Visual Studio Solution File, Format Version 12.00
# Visual Studio 15
VisualStudioVersion = 15.0.28307.329
MinimumVisualStudioVersion = 10.0.40219.1
Project("{FAE04EC0-301F-11D3-BF4B-00C04F79EFBC}") = "HandlingExceptions", "HandlingExceptions\HandlingExceptions.csproj", "{2E1CDC93-6CDF-45D8-8D84-C103699C3C5B}"
EndProject
Global
	GlobalSection(SolutionConfigurationPlatforms) = preSolution
		Debug|Any CPU = Debug|Any CPU
		Release|Any CPU = Release|Any CPU
	EndGlobalSection
	GlobalSection(ProjectConfigurationPlatforms) = postSolution
		{2E1CDC93-6CDF-45D8-8D84-C103699C3C5B}.Debug|Any CPU.ActiveCfg = Debug|Any CPU
		{2E1CDC93-6CDF-45D8-8D84-C103699C3C5B}.Debug|Any CPU.Build.0 = Debug|Any CPU
		{2E1CDC93-6CDF-45D8-8D84-C103699C3C5B}.Release|Any CPU.ActiveCfg = Release|Any CPU
		{2E1CDC93-6CDF-45D8-8D84-C103699C3C5B}.Release|Any CPU.Build.0 = Release|Any CPU
	EndGlobalSection
	GlobalSection(SolutionProperties) = preSolution
		HideSolutionNode = FALSE
	EndGlobalSection
	GlobalSection(ExtensibilityGlobals) = postSolution
		SolutionGuid = {C55A1157-0A86-4B64-B43E-D711B7E0013B}
	EndGlobalSection
EndGlobal
